
Microsoft Visual Studio Solution File, Format Version 12.00
# Visual Studio 15
VisualStudioVersion = 15.0.28307.852
MinimumVisualStudioVersion = 10.0.40219.1
Project("{8BC9CEB8-8B4A-11D0-8D11-00A0C91BC942}") = "OpenGLintro", "OpenGLintro\OpenGLintro.vcxproj", "{26D3ECF6-B2D7-4360-B975-D2316E22D472}"
EndProject
Global
	GlobalSection(SolutionConfigurationPlatforms) = preSolution
		Debug|x64 = Debug|x64
		Debug|x86 = Debug|x86
		Release|x64 = Release|x64
		Release|x86 = Release|x86
	EndGlobalSection
	GlobalSection(ProjectConfigurationPlatforms) = postSolution
		{26D3ECF6-B2D7-4360-B975-D2316E22D472}.Debug|x64.ActiveCfg = Debug|x64
		{26D3ECF6-B2D7-4360-B975-D2316E22D472}.Debug|x64.Build.0 = Debug|x64
		{26D3ECF6-B2D7-4360-B975-D2316E22D472}.Debug|x86.ActiveCfg = Debug|Win32
		{26D3ECF6-B2D7-4360-B975-D2316E22D472}.Debug|x86.Build.0 = Debug|Win32
		{26D3ECF6-B2D7-4360-B975-D2316E22D472}.Release|x64.ActiveCfg = Release|x64
		{26D3ECF6-B2D7-4360-B975-D2316E22D472}.Release|x64.Build.0 = Release|x64
		{26D3ECF6-B2D7-4360-B975-D2316E22D472}.Release|x86.ActiveCfg = Release|Win32
		{26D3ECF6-B2D7-4360-B975-D2316E22D472}.Release|x86.Build.0 = Release|Win32
	EndGlobalSection
	GlobalSection(SolutionProperties) = preSolution
		HideSolutionNode = FALSE
	EndGlobalSection
	GlobalSection(ExtensibilityGlobals) = postSolution
		SolutionGuid = {B958B20E-B773-4814-BFAF-40FBEBEA98D2}
	EndGlobalSection
EndGlobal
